
Microsoft Visual Studio Solution File, Format Version 12.00
# Visual Studio Version 17
VisualStudioVersion = 17.3.32825.248
MinimumVisualStudioVersion = 10.0.40219.1
Project("{FAE04EC0-301F-11D3-BF4B-00C04F79EFBC}") = "MamAcars", "MamAcars\MamAcars.csproj", "{A5CF66C8-8B11-40B6-BCE9-F80DAF3424CE}"
EndProject
Global
	GlobalSection(SolutionConfigurationPlatforms) = preSolution
		Debug|Any CPU = Debug|Any CPU
		Release|Any CPU = Release|Any CPU
	EndGlobalSection
	GlobalSection(ProjectConfigurationPlatforms) = postSolution
		{A5CF66C8-8B11-40B6-BCE9-F80DAF3424CE}.Debug|Any CPU.ActiveCfg = Debug|Any CPU
		{A5CF66C8-8B11-40B6-BCE9-F80DAF3424CE}.Debug|Any CPU.Build.0 = Debug|Any CPU
		{A5CF66C8-8B11-40B6-BCE9-F80DAF3424CE}.Release|Any CPU.ActiveCfg = Release|Any CPU
		{A5CF66C8-8B11-40B6-BCE9-F80DAF3424CE}.Release|Any CPU.Build.0 = Release|Any CPU
	EndGlobalSection
	GlobalSection(SolutionProperties) = preSolution
		HideSolutionNode = FALSE
	EndGlobalSection
	GlobalSection(ExtensibilityGlobals) = postSolution
		SolutionGuid = {4DD6CEB9-02DB-4732-A943-1AE88C4E1633}
	EndGlobalSection
EndGlobal
